// !$*UTF8*$!
{
	archiveVersion = 1;
	classes = {
	};
	objectVersion = 50;
	objects = {

/* Begin PBXBuildFile section */
		3C1F751F22078C6F0098A264 /* LocationsViewController.swift in Sources */ = {isa = PBXBuildFile; fileRef = 3C1F751E22078C6F0098A264 /* LocationsViewController.swift */; };
		3C1F7521220796B80098A264 /* LocationCell.swift in Sources */ = {isa = PBXBuildFile; fileRef = 3C1F7520220796B80098A264 /* LocationCell.swift */; };
		3C222B1321F89F9700970616 /* AppDelegate.swift in Sources */ = {isa = PBXBuildFile; fileRef = 3C222B1221F89F9700970616 /* AppDelegate.swift */; };
		3C222B1521F89F9700970616 /* CurrentLocationViewController.swift in Sources */ = {isa = PBXBuildFile; fileRef = 3C222B1421F89F9700970616 /* CurrentLocationViewController.swift */; };
		3C222B1721F89F9700970616 /* SecondViewController.swift in Sources */ = {isa = PBXBuildFile; fileRef = 3C222B1621F89F9700970616 /* SecondViewController.swift */; };
		3C222B1A21F89F9700970616 /* Main.storyboard in Resources */ = {isa = PBXBuildFile; fileRef = 3C222B1821F89F9700970616 /* Main.storyboard */; };
		3C222B1C21F89F9900970616 /* Assets.xcassets in Resources */ = {isa = PBXBuildFile; fileRef = 3C222B1B21F89F9900970616 /* Assets.xcassets */; };
		3C222B1F21F89F9900970616 /* LaunchScreen.storyboard in Resources */ = {isa = PBXBuildFile; fileRef = 3C222B1D21F89F9900970616 /* LaunchScreen.storyboard */; };
		3C58EDEF220EE3CF002FC450 /* MapKit.framework in Frameworks */ = {isa = PBXBuildFile; fileRef = 3C58EDEE220EE3CF002FC450 /* MapKit.framework */; };
		3C58EDF1220EE459002FC450 /* MapViewController.swift in Sources */ = {isa = PBXBuildFile; fileRef = 3C58EDF0220EE459002FC450 /* MapViewController.swift */; };
		3C70C96522045BCF00466404 /* HudView.swift in Sources */ = {isa = PBXBuildFile; fileRef = 3C70C96422045BCF00466404 /* HudView.swift */; };
		3C70C96722046D6900466404 /* Functions.swift in Sources */ = {isa = PBXBuildFile; fileRef = 3C70C96622046D6900466404 /* Functions.swift */; };
		3CBB3CED220587D6001120C4 /* DataModel.xcdatamodeld in Sources */ = {isa = PBXBuildFile; fileRef = 3CBB3CEB220587D6001120C4 /* DataModel.xcdatamodeld */; };
		3CBB3CF022058A24001120C4 /* Location+CoreDataClass.swift in Sources */ = {isa = PBXBuildFile; fileRef = 3CBB3CEE22058A24001120C4 /* Location+CoreDataClass.swift */; };
		3CBB3CF122058A24001120C4 /* Location+CoreDataProperties.swift in Sources */ = {isa = PBXBuildFile; fileRef = 3CBB3CEF22058A24001120C4 /* Location+CoreDataProperties.swift */; };
		3CF6943121FB6229009B4F37 /* LocationDetailsViewController.swift in Sources */ = {isa = PBXBuildFile; fileRef = 3CF6943021FB6229009B4F37 /* LocationDetailsViewController.swift */; };
		3CF6943321FB7663009B4F37 /* CategoryPickerViewController.swift in Sources */ = {isa = PBXBuildFile; fileRef = 3CF6943221FB7663009B4F37 /* CategoryPickerViewController.swift */; };
/* End PBXBuildFile section */

/* Begin PBXFileReference section */
		3C1F751E22078C6F0098A264 /* LocationsViewController.swift */ = {isa = PBXFileReference; lastKnownFileType = sourcecode.swift; path = LocationsViewController.swift; sourceTree = "<group>"; };
		3C1F7520220796B80098A264 /* LocationCell.swift */ = {isa = PBXFileReference; lastKnownFileType = sourcecode.swift; path = LocationCell.swift; sourceTree = "<group>"; };
		3C222B0F21F89F9700970616 /* MyLocations.app */ = {isa = PBXFileReference; explicitFileType = wrapper.application; includeInIndex = 0; path = MyLocations.app; sourceTree = BUILT_PRODUCTS_DIR; };
		3C222B1221F89F9700970616 /* AppDelegate.swift */ = {isa = PBXFileReference; lastKnownFileType = sourcecode.swift; path = AppDelegate.swift; sourceTree = "<group>"; };
		3C222B1421F89F9700970616 /* CurrentLocationViewController.swift */ = {isa = PBXFileReference; lastKnownFileType = sourcecode.swift; path = CurrentLocationViewController.swift; sourceTree = "<group>"; };
		3C222B1621F89F9700970616 /* SecondViewController.swift */ = {isa = PBXFileReference; lastKnownFileType = sourcecode.swift; path = SecondViewController.swift; sourceTree = "<group>"; };
		3C222B1921F89F9700970616 /* Base */ = {isa = PBXFileReference; lastKnownFileType = file.storyboard; name = Base; path = Base.lproj/Main.storyboard; sourceTree = "<group>"; };
		3C222B1B21F89F9900970616 /* Assets.xcassets */ = {isa = PBXFileReference; lastKnownFileType = folder.assetcatalog; path = Assets.xcassets; sourceTree = "<group>"; };
		3C222B1E21F89F9900970616 /* Base */ = {isa = PBXFileReference; lastKnownFileType = file.storyboard; name = Base; path = Base.lproj/LaunchScreen.storyboard; sourceTree = "<group>"; };
		3C222B2021F89F9900970616 /* Info.plist */ = {isa = PBXFileReference; lastKnownFileType = text.plist.xml; path = Info.plist; sourceTree = "<group>"; };
		3C58EDEE220EE3CF002FC450 /* MapKit.framework */ = {isa = PBXFileReference; lastKnownFileType = wrapper.framework; name = MapKit.framework; path = System/Library/Frameworks/MapKit.framework; sourceTree = SDKROOT; };
		3C58EDF0220EE459002FC450 /* MapViewController.swift */ = {isa = PBXFileReference; lastKnownFileType = sourcecode.swift; path = MapViewController.swift; sourceTree = "<group>"; };
		3C70C96422045BCF00466404 /* HudView.swift */ = {isa = PBXFileReference; lastKnownFileType = sourcecode.swift; path = HudView.swift; sourceTree = "<group>"; };
		3C70C96622046D6900466404 /* Functions.swift */ = {isa = PBXFileReference; lastKnownFileType = sourcecode.swift; path = Functions.swift; sourceTree = "<group>"; };
		3CBB3CEC220587D6001120C4 /* DataModel.xcdatamodel */ = {isa = PBXFileReference; lastKnownFileType = wrapper.xcdatamodel; path = DataModel.xcdatamodel; sourceTree = "<group>"; };
		3CBB3CEE22058A24001120C4 /* Location+CoreDataClass.swift */ = {isa = PBXFileReference; lastKnownFileType = sourcecode.swift; path = "Location+CoreDataClass.swift"; sourceTree = "<group>"; };
		3CBB3CEF22058A24001120C4 /* Location+CoreDataProperties.swift */ = {isa = PBXFileReference; lastKnownFileType = sourcecode.swift; path = "Location+CoreDataProperties.swift"; sourceTree = "<group>"; };
		3CF6943021FB6229009B4F37 /* LocationDetailsViewController.swift */ = {isa = PBXFileReference; lastKnownFileType = sourcecode.swift; path = LocationDetailsViewController.swift; sourceTree = "<group>"; };
		3CF6943221FB7663009B4F37 /* CategoryPickerViewController.swift */ = {isa = PBXFileReference; lastKnownFileType = sourcecode.swift; path = CategoryPickerViewController.swift; sourceTree = "<group>"; };
/* End PBXFileReference section */

/* Begin PBXFrameworksBuildPhase section */
		3C222B0C21F89F9700970616 /* Frameworks */ = {
			isa = PBXFrameworksBuildPhase;
			buildActionMask = 2147483647;
			files = (
				3C58EDEF220EE3CF002FC450 /* MapKit.framework in Frameworks */,
			);
			runOnlyForDeploymentPostprocessing = 0;
		};
/* End PBXFrameworksBuildPhase section */

/* Begin PBXGroup section */
		3C222B0621F89F9700970616 = {
			isa = PBXGroup;
			children = (
				3C222B1121F89F9700970616 /* MyLocations */,
				3C222B1021F89F9700970616 /* Products */,
				3C58EDED220EE3CF002FC450 /* Frameworks */,
			);
			sourceTree = "<group>";
		};
		3C222B1021F89F9700970616 /* Products */ = {
			isa = PBXGroup;
			children = (
				3C222B0F21F89F9700970616 /* MyLocations.app */,
			);
			name = Products;
			sourceTree = "<group>";
		};
		3C222B1121F89F9700970616 /* MyLocations */ = {
			isa = PBXGroup;
			children = (
				3C222B1221F89F9700970616 /* AppDelegate.swift */,
				3C1F7520220796B80098A264 /* LocationCell.swift */,
				3C222B1B21F89F9900970616 /* Assets.xcassets */,
				3CF6943221FB7663009B4F37 /* CategoryPickerViewController.swift */,
				3C222B1421F89F9700970616 /* CurrentLocationViewController.swift */,
				3CBB3CEB220587D6001120C4 /* DataModel.xcdatamodeld */,
				3C70C96622046D6900466404 /* Functions.swift */,
				3C58EDF0220EE459002FC450 /* MapViewController.swift */,
				3C70C96422045BCF00466404 /* HudView.swift */,
				3C222B2021F89F9900970616 /* Info.plist */,
				3C222B1D21F89F9900970616 /* LaunchScreen.storyboard */,
				3CBB3CEE22058A24001120C4 /* Location+CoreDataClass.swift */,
				3CBB3CEF22058A24001120C4 /* Location+CoreDataProperties.swift */,
				3CF6943021FB6229009B4F37 /* LocationDetailsViewController.swift */,
				3C1F751E22078C6F0098A264 /* LocationsViewController.swift */,
				3C222B1821F89F9700970616 /* Main.storyboard */,
				3C222B1621F89F9700970616 /* SecondViewController.swift */,
			);
			path = MyLocations;
			sourceTree = "<group>";
		};
		3C58EDED220EE3CF002FC450 /* Frameworks */ = {
			isa = PBXGroup;
			children = (
				3C58EDEE220EE3CF002FC450 /* MapKit.framework */,
			);
			name = Frameworks;
			sourceTree = "<group>";
		};
/* End PBXGroup section */

/* Begin PBXNativeTarget section */
		3C222B0E21F89F9700970616 /* MyLocations */ = {
			isa = PBXNativeTarget;
			buildConfigurationList = 3C222B2321F89F9900970616 /* Build configuration list for PBXNativeTarget "MyLocations" */;
			buildPhases = (
				3C222B0B21F89F9700970616 /* Sources */,
				3C222B0C21F89F9700970616 /* Frameworks */,
				3C222B0D21F89F9700970616 /* Resources */,
			);
			buildRules = (
			);
			dependencies = (
			);
			name = MyLocations;
			productName = MyLocations;
			productReference = 3C222B0F21F89F9700970616 /* MyLocations.app */;
			productType = "com.apple.product-type.application";
		};
/* End PBXNativeTarget section */

/* Begin PBXProject section */
		3C222B0721F89F9700970616 /* Project object */ = {
			isa = PBXProject;
			attributes = {
				LastSwiftUpdateCheck = 1010;
				LastUpgradeCheck = 1010;
				ORGANIZATIONNAME = "Nima Akbarzade";
				TargetAttributes = {
					3C222B0E21F89F9700970616 = {
						CreatedOnToolsVersion = 10.1;
						SystemCapabilities = {
							com.apple.Maps.iOS = {
								enabled = 1;
							};
						};
					};
				};
			};
			buildConfigurationList = 3C222B0A21F89F9700970616 /* Build configuration list for PBXProject "MyLocations" */;
			compatibilityVersion = "Xcode 9.3";
			developmentRegion = en;
			hasScannedForEncodings = 0;
			knownRegions = (
				en,
				Base,
			);
			mainGroup = 3C222B0621F89F9700970616;
			productRefGroup = 3C222B1021F89F9700970616 /* Products */;
			projectDirPath = "";
			projectRoot = "";
			targets = (
				3C222B0E21F89F9700970616 /* MyLocations */,
			);
		};
/* End PBXProject section */

/* Begin PBXResourcesBuildPhase section */
		3C222B0D21F89F9700970616 /* Resources */ = {
			isa = PBXResourcesBuildPhase;
			buildActionMask = 2147483647;
			files = (
				3C222B1F21F89F9900970616 /* LaunchScreen.storyboard in Resources */,
				3C222B1C21F89F9900970616 /* Assets.xcassets in Resources */,
				3C222B1A21F89F9700970616 /* Main.storyboard in Resources */,
			);
			runOnlyForDeploymentPostprocessing = 0;
		};
/* End PBXResourcesBuildPhase section */

/* Begin PBXSourcesBuildPhase section */
		3C222B0B21F89F9700970616 /* Sources */ = {
			isa = PBXSourcesBuildPhase;
			buildActionMask = 2147483647;
			files = (
				3CF6943121FB6229009B4F37 /* LocationDetailsViewController.swift in Sources */,
				3CBB3CED220587D6001120C4 /* DataModel.xcdatamodeld in Sources */,
				3C222B1721F89F9700970616 /* SecondViewController.swift in Sources */,
				3C70C96522045BCF00466404 /* HudView.swift in Sources */,
				3C1F751F22078C6F0098A264 /* LocationsViewController.swift in Sources */,
				3CBB3CF122058A24001120C4 /* Location+CoreDataProperties.swift in Sources */,
				3C58EDF1220EE459002FC450 /* MapViewController.swift in Sources */,
				3C1F7521220796B80098A264 /* LocationCell.swift in Sources */,
				3C70C96722046D6900466404 /* Functions.swift in Sources */,
				3C222B1321F89F9700970616 /* AppDelegate.swift in Sources */,
				3CBB3CF022058A24001120C4 /* Location+CoreDataClass.swift in Sources */,
				3CF6943321FB7663009B4F37 /* CategoryPickerViewController.swift in Sources */,
				3C222B1521F89F9700970616 /* CurrentLocationViewController.swift in Sources */,
			);
			runOnlyForDeploymentPostprocessing = 0;
		};
/* End PBXSourcesBuildPhase section */

/* Begin PBXVariantGroup section */
		3C222B1821F89F9700970616 /* Main.storyboard */ = {
			isa = PBXVariantGroup;
			children = (
				3C222B1921F89F9700970616 /* Base */,
			);
			name = Main.storyboard;
			sourceTree = "<group>";
		};
		3C222B1D21F89F9900970616 /* LaunchScreen.storyboard */ = {
			isa = PBXVariantGroup;
			children = (
				3C222B1E21F89F9900970616 /* Base */,
			);
			name = LaunchScreen.storyboard;
			sourceTree = "<group>";
		};
/* End PBXVariantGroup section */

/* Begin XCBuildConfiguration section */
		3C222B2121F89F9900970616 /* Debug */ = {
			isa = XCBuildConfiguration;
			buildSettings = {
				ALWAYS_SEARCH_USER_PATHS = NO;
				CLANG_ANALYZER_NONNULL = YES;
				CLANG_ANALYZER_NUMBER_OBJECT_CONVERSION = YES_AGGRESSIVE;
				CLANG_CXX_LANGUAGE_STANDARD = "gnu++14";
				CLANG_CXX_LIBRARY = "libc++";
				CLANG_ENABLE_MODULES = YES;
				CLANG_ENABLE_OBJC_ARC = YES;
				CLANG_ENABLE_OBJC_WEAK = YES;
				CLANG_WARN_BLOCK_CAPTURE_AUTORELEASING = YES;
				CLANG_WARN_BOOL_CONVERSION = YES;
				CLANG_WARN_COMMA = YES;
				CLANG_WARN_CONSTANT_CONVERSION = YES;
				CLANG_WARN_DEPRECATED_OBJC_IMPLEMENTATIONS = YES;
				CLANG_WARN_DIRECT_OBJC_ISA_USAGE = YES_ERROR;
				CLANG_WARN_DOCUMENTATION_COMMENTS = YES;
				CLANG_WARN_EMPTY_BODY = YES;
				CLANG_WARN_ENUM_CONVERSION = YES;
				CLANG_WARN_INFINITE_RECURSION = YES;
				CLANG_WARN_INT_CONVERSION = YES;
				CLANG_WARN_NON_LITERAL_NULL_CONVERSION = YES;
				CLANG_WARN_OBJC_IMPLICIT_RETAIN_SELF = YES;
				CLANG_WARN_OBJC_LITERAL_CONVERSION = YES;
				CLANG_WARN_OBJC_ROOT_CLASS = YES_ERROR;
				CLANG_WARN_RANGE_LOOP_ANALYSIS = YES;
				CLANG_WARN_STRICT_PROTOTYPES = YES;
				CLANG_WARN_SUSPICIOUS_MOVE = YES;
				CLANG_WARN_UNGUARDED_AVAILABILITY = YES_AGGRESSIVE;
				CLANG_WARN_UNREACHABLE_CODE = YES;
				CLANG_WARN__DUPLICATE_METHOD_MATCH = YES;
				CODE_SIGN_IDENTITY = "iPhone Developer";
				COPY_PHASE_STRIP = NO;
				DEBUG_INFORMATION_FORMAT = dwarf;
				ENABLE_STRICT_OBJC_MSGSEND = YES;
				ENABLE_TESTABILITY = YES;
				GCC_C_LANGUAGE_STANDARD = gnu11;
				GCC_DYNAMIC_NO_PIC = NO;
				GCC_NO_COMMON_BLOCKS = YES;
				GCC_OPTIMIZATION_LEVEL = 0;
				GCC_PREPROCESSOR_DEFINITIONS = (
					"DEBUG=1",
					"$(inherited)",
				);
				GCC_WARN_64_TO_32_BIT_CONVERSION = YES;
				GCC_WARN_ABOUT_RETURN_TYPE = YES_ERROR;
				GCC_WARN_UNDECLARED_SELECTOR = YES;
				GCC_WARN_UNINITIALIZED_AUTOS = YES_AGGRESSIVE;
				GCC_WARN_UNUSED_FUNCTION = YES;
				GCC_WARN_UNUSED_VARIABLE = YES;
				IPHONEOS_DEPLOYMENT_TARGET = 12.1;
				MTL_ENABLE_DEBUG_INFO = INCLUDE_SOURCE;
				MTL_FAST_MATH = YES;
				ONLY_ACTIVE_ARCH = YES;
				SDKROOT = iphoneos;
				SWIFT_ACTIVE_COMPILATION_CONDITIONS = DEBUG;
				SWIFT_OPTIMIZATION_LEVEL = "-Onone";
			};
			name = Debug;
		};
		3C222B2221F89F9900970616 /* Release */ = {
			isa = XCBuildConfiguration;
			buildSettings = {
				ALWAYS_SEARCH_USER_PATHS = NO;
				CLANG_ANALYZER_NONNULL = YES;
				CLANG_ANALYZER_NUMBER_OBJECT_CONVERSION = YES_AGGRESSIVE;
				CLANG_CXX_LANGUAGE_STANDARD = "gnu++14";
				CLANG_CXX_LIBRARY = "libc++";
				CLANG_ENABLE_MODULES = YES;
				CLANG_ENABLE_OBJC_ARC = YES;
				CLANG_ENABLE_OBJC_WEAK = YES;
				CLANG_WARN_BLOCK_CAPTURE_AUTORELEASING = YES;
				CLANG_WARN_BOOL_CONVERSION = YES;
				CLANG_WARN_COMMA = YES;
				CLANG_WARN_CONSTANT_CONVERSION = YES;
				CLANG_WARN_DEPRECATED_OBJC_IMPLEMENTATIONS = YES;
				CLANG_WARN_DIRECT_OBJC_ISA_USAGE = YES_ERROR;
				CLANG_WARN_DOCUMENTATION_COMMENTS = YES;
				CLANG_WARN_EMPTY_BODY = YES;
				CLANG_WARN_ENUM_CONVERSION = YES;
				CLANG_WARN_INFINITE_RECURSION = YES;
				CLANG_WARN_INT_CONVERSION = YES;
				CLANG_WARN_NON_LITERAL_NULL_CONVERSION = YES;
				CLANG_WARN_OBJC_IMPLICIT_RETAIN_SELF = YES;
				CLANG_WARN_OBJC_LITERAL_CONVERSION = YES;
				CLANG_WARN_OBJC_ROOT_CLASS = YES_ERROR;
				CLANG_WARN_RANGE_LOOP_ANALYSIS = YES;
				CLANG_WARN_STRICT_PROTOTYPES = YES;
				CLANG_WARN_SUSPICIOUS_MOVE = YES;
				CLANG_WARN_UNGUARDED_AVAILABILITY = YES_AGGRESSIVE;
				CLANG_WARN_UNREACHABLE_CODE = YES;
				CLANG_WARN__DUPLICATE_METHOD_MATCH = YES;
				CODE_SIGN_IDENTITY = "iPhone Developer";
				COPY_PHASE_STRIP = NO;
				DEBUG_INFORMATION_FORMAT = "dwarf-with-dsym";
				ENABLE_NS_ASSERTIONS = NO;
				ENABLE_STRICT_OBJC_MSGSEND = YES;
				GCC_C_LANGUAGE_STANDARD = gnu11;
				GCC_NO_COMMON_BLOCKS = YES;
				GCC_WARN_64_TO_32_BIT_CONVERSION = YES;
				GCC_WARN_ABOUT_RETURN_TYPE = YES_ERROR;
				GCC_WARN_UNDECLARED_SELECTOR = YES;
				GCC_WARN_UNINITIALIZED_AUTOS = YES_AGGRESSIVE;
				GCC_WARN_UNUSED_FUNCTION = YES;
				GCC_WARN_UNUSED_VARIABLE = YES;
				IPHONEOS_DEPLOYMENT_TARGET = 12.1;
				MTL_ENABLE_DEBUG_INFO = NO;
				MTL_FAST_MATH = YES;
				SDKROOT = iphoneos;
				SWIFT_COMPILATION_MODE = wholemodule;
				SWIFT_OPTIMIZATION_LEVEL = "-O";
				VALIDATE_PRODUCT = YES;
			};
			name = Release;
		};
		3C222B2421F89F9900970616 /* Debug */ = {
			isa = XCBuildConfiguration;
			buildSettings = {
				ASSETCATALOG_COMPILER_APPICON_NAME = AppIcon;
				CODE_SIGN_STYLE = Automatic;
				DEVELOPMENT_TEAM = 58XJ9699UF;
				INFOPLIST_FILE = MyLocations/Info.plist;
				LD_RUNPATH_SEARCH_PATHS = (
					"$(inherited)",
					"@executable_path/Frameworks",
				);
				PRODUCT_BUNDLE_IDENTIFIER = Padidar.MyLocations;
				PRODUCT_NAME = "$(TARGET_NAME)";
				SWIFT_VERSION = 4.2;
				TARGETED_DEVICE_FAMILY = "1,2";
			};
			name = Debug;
		};
		3C222B2521F89F9900970616 /* Release */ = {
			isa = XCBuildConfiguration;
			buildSettings = {
				ASSETCATALOG_COMPILER_APPICON_NAME = AppIcon;
				CODE_SIGN_STYLE = Automatic;
				DEVELOPMENT_TEAM = 58XJ9699UF;
				INFOPLIST_FILE = MyLocations/Info.plist;
				LD_RUNPATH_SEARCH_PATHS = (
					"$(inherited)",
					"@executable_path/Frameworks",
				);
				PRODUCT_BUNDLE_IDENTIFIER = Padidar.MyLocations;
				PRODUCT_NAME = "$(TARGET_NAME)";
				SWIFT_VERSION = 4.2;
				TARGETED_DEVICE_FAMILY = "1,2";
			};
			name = Release;
		};
/* End XCBuildConfiguration section */

/* Begin XCConfigurationList section */
		3C222B0A21F89F9700970616 /* Build configuration list for PBXProject "MyLocations" */ = {
			isa = XCConfigurationList;
			buildConfigurations = (
				3C222B2121F89F9900970616 /* Debug */,
				3C222B2221F89F9900970616 /* Release */,
			);
			defaultConfigurationIsVisible = 0;
			defaultConfigurationName = Release;
		};
		3C222B2321F89F9900970616 /* Build configuration list for PBXNativeTarget "MyLocations" */ = {
			isa = XCConfigurationList;
			buildConfigurations = (
				3C222B2421F89F9900970616 /* Debug */,
				3C222B2521F89F9900970616 /* Release */,
			);
			defaultConfigurationIsVisible = 0;
			defaultConfigurationName = Release;
		};
/* End XCConfigurationList section */

/* Begin XCVersionGroup section */
		3CBB3CEB220587D6001120C4 /* DataModel.xcdatamodeld */ = {
			isa = XCVersionGroup;
			children = (
				3CBB3CEC220587D6001120C4 /* DataModel.xcdatamodel */,
			);
			currentVersion = 3CBB3CEC220587D6001120C4 /* DataModel.xcdatamodel */;
			path = DataModel.xcdatamodeld;
			sourceTree = "<group>";
			versionGroupType = wrapper.xcdatamodel;
		};
/* End XCVersionGroup section */
	};
	rootObject = 3C222B0721F89F9700970616 /* Project object */;
}
